
Microsoft Visual Studio Solution File, Format Version 12.00
# Visual Studio 15
VisualStudioVersion = 15.0.28307.168
MinimumVisualStudioVersion = 10.0.40219.1
Project("{FAE04EC0-301F-11D3-BF4B-00C04F79EFBC}") = "Employees.WebApi", "Employees.WebApi\Employees.WebApi.csproj", "{FD2A7F0A-A09E-48F9-9E45-AAA575A87F00}"
EndProject
Project("{FAE04EC0-301F-11D3-BF4B-00C04F79EFBC}") = "Employees.Data", "Employees.Data\Employees.Data.csproj", "{191D084B-4CB1-4480-97C4-305FC95B2741}"
EndProject
Project("{FAE04EC0-301F-11D3-BF4B-00C04F79EFBC}") = "Employees.Service", "Employees.Service\Employees.Service.csproj", "{ABE63005-A3F8-4646-A3BA-2B17B0E0F44B}"
EndProject
Global
	GlobalSection(SolutionConfigurationPlatforms) = preSolution
		Debug|Any CPU = Debug|Any CPU
		Release|Any CPU = Release|Any CPU
	EndGlobalSection
	GlobalSection(ProjectConfigurationPlatforms) = postSolution
		{FD2A7F0A-A09E-48F9-9E45-AAA575A87F00}.Debug|Any CPU.ActiveCfg = Debug|Any CPU
		{FD2A7F0A-A09E-48F9-9E45-AAA575A87F00}.Debug|Any CPU.Build.0 = Debug|Any CPU
		{FD2A7F0A-A09E-48F9-9E45-AAA575A87F00}.Release|Any CPU.ActiveCfg = Release|Any CPU
		{FD2A7F0A-A09E-48F9-9E45-AAA575A87F00}.Release|Any CPU.Build.0 = Release|Any CPU
		{191D084B-4CB1-4480-97C4-305FC95B2741}.Debug|Any CPU.ActiveCfg = Debug|Any CPU
		{191D084B-4CB1-4480-97C4-305FC95B2741}.Debug|Any CPU.Build.0 = Debug|Any CPU
		{191D084B-4CB1-4480-97C4-305FC95B2741}.Release|Any CPU.ActiveCfg = Release|Any CPU
		{191D084B-4CB1-4480-97C4-305FC95B2741}.Release|Any CPU.Build.0 = Release|Any CPU
		{ABE63005-A3F8-4646-A3BA-2B17B0E0F44B}.Debug|Any CPU.ActiveCfg = Debug|Any CPU
		{ABE63005-A3F8-4646-A3BA-2B17B0E0F44B}.Debug|Any CPU.Build.0 = Debug|Any CPU
		{ABE63005-A3F8-4646-A3BA-2B17B0E0F44B}.Release|Any CPU.ActiveCfg = Release|Any CPU
		{ABE63005-A3F8-4646-A3BA-2B17B0E0F44B}.Release|Any CPU.Build.0 = Release|Any CPU
	EndGlobalSection
	GlobalSection(SolutionProperties) = preSolution
		HideSolutionNode = FALSE
	EndGlobalSection
	GlobalSection(ExtensibilityGlobals) = postSolution
		SolutionGuid = {8E2888A0-F27B-4B2F-A8E4-2A2C8767E9B1}
	EndGlobalSection
EndGlobal
