
Microsoft Visual Studio Solution File, Format Version 12.00
# Visual Studio 15
VisualStudioVersion = 15.0.28307.168
MinimumVisualStudioVersion = 10.0.40219.1
Project("{FAE04EC0-301F-11D3-BF4B-00C04F79EFBC}") = "AspNet_Mvc", "..\AspNetMvc_WebAPI\AspNet_Mvc\AspNet_Mvc.csproj", "{44F99C52-4B49-40B5-BD33-B1C98DEEE614}"
EndProject
Project("{2150E333-8FDC-42A3-9474-1A3956D46DE8}") = "AspNetMvc_WebAPI", "AspNetMvc_WebAPI", "{7E172B32-4C3B-4D8A-A847-D2D9FFA12F3E}"
EndProject
Project("{FAE04EC0-301F-11D3-BF4B-00C04F79EFBC}") = "WebApi", "..\AspNetMvc_WebAPI\WebApi\WebApi.csproj", "{34DB1F44-7B58-4CA2-BA69-D0AE141CDEBF}"
EndProject
Project("{FAE04EC0-301F-11D3-BF4B-00C04F79EFBC}") = "WebApi_RESTApi_WithAttributes", "..\WebApi_RESTApi_WithAttributes\WebApi_RESTApi_WithAttributes\WebApi_RESTApi_WithAttributes.csproj", "{2AE89D25-FA46-45DB-9B77-AB82BF721CAF}"
EndProject
Project("{FAE04EC0-301F-11D3-BF4B-00C04F79EFBC}") = "WebAPI_Jquery_Ajax1", "..\WebAPI_Jquery_Ajax1\WebAPI_Jquery_Ajax1\WebAPI_Jquery_Ajax1.csproj", "{0F9180F8-2210-415A-BAD4-D0233ED31208}"
EndProject
Project("{FAE04EC0-301F-11D3-BF4B-00C04F79EFBC}") = "Client", "..\WebAPI_Jquery_Ajax1\Client\Client.csproj", "{A3EEA5FD-98EA-455C-BCD5-CB3DF912C0CB}"
EndProject
Project("{2150E333-8FDC-42A3-9474-1A3956D46DE8}") = "WebAPI_Jquery_Ajax1_Project", "WebAPI_Jquery_Ajax1_Project", "{41681D2F-CFBF-4606-A4EE-D727801EBEDC}"
EndProject
Project("{FAE04EC0-301F-11D3-BF4B-00C04F79EFBC}") = "WebAPI_WebForm", "..\WebAPI_WebForm\WebAPI_WebForm\WebAPI_WebForm.csproj", "{D540DD4C-8E03-4558-90B3-9791C6391DB8}"
EndProject
Project("{FAE04EC0-301F-11D3-BF4B-00C04F79EFBC}") = "WebAPI", "..\WebAPIMVC\WebAPI\WebAPI.csproj", "{69F7B935-9B21-465D-90BA-02C1E962EF5C}"
EndProject
Project("{2150E333-8FDC-42A3-9474-1A3956D46DE8}") = "WebApiMVC", "WebApiMVC", "{5E8AE69D-446E-4788-B5D0-CDDEF8749DA7}"
EndProject
Project("{FAE04EC0-301F-11D3-BF4B-00C04F79EFBC}") = "MVC", "..\WebAPIMVC\MVC\MVC.csproj", "{0218EA54-00AF-4AD1-9D39-31230BBAC0CC}"
EndProject
Project("{FAE04EC0-301F-11D3-BF4B-00C04F79EFBC}") = "WebApi", "..\WepApiFerTest\WebApi\WebApi.csproj", "{483B0CF4-3312-42E2-B9FB-BF743551D532}"
EndProject
Project("{FAE04EC0-301F-11D3-BF4B-00C04F79EFBC}") = "WebApiCoreDockers", "WebApiCoreDockers\WebApiCoreDockers.csproj", "{B6157BBD-A2FB-422B-84D7-DE9F3B0A6A99}"
EndProject
Global
	GlobalSection(SolutionConfigurationPlatforms) = preSolution
		Debug|Any CPU = Debug|Any CPU
		Release|Any CPU = Release|Any CPU
	EndGlobalSection
	GlobalSection(ProjectConfigurationPlatforms) = postSolution
		{44F99C52-4B49-40B5-BD33-B1C98DEEE614}.Debug|Any CPU.ActiveCfg = Debug|Any CPU
		{44F99C52-4B49-40B5-BD33-B1C98DEEE614}.Debug|Any CPU.Build.0 = Debug|Any CPU
		{44F99C52-4B49-40B5-BD33-B1C98DEEE614}.Release|Any CPU.ActiveCfg = Release|Any CPU
		{44F99C52-4B49-40B5-BD33-B1C98DEEE614}.Release|Any CPU.Build.0 = Release|Any CPU
		{34DB1F44-7B58-4CA2-BA69-D0AE141CDEBF}.Debug|Any CPU.ActiveCfg = Debug|Any CPU
		{34DB1F44-7B58-4CA2-BA69-D0AE141CDEBF}.Debug|Any CPU.Build.0 = Debug|Any CPU
		{34DB1F44-7B58-4CA2-BA69-D0AE141CDEBF}.Release|Any CPU.ActiveCfg = Release|Any CPU
		{34DB1F44-7B58-4CA2-BA69-D0AE141CDEBF}.Release|Any CPU.Build.0 = Release|Any CPU
		{2AE89D25-FA46-45DB-9B77-AB82BF721CAF}.Debug|Any CPU.ActiveCfg = Debug|Any CPU
		{2AE89D25-FA46-45DB-9B77-AB82BF721CAF}.Debug|Any CPU.Build.0 = Debug|Any CPU
		{2AE89D25-FA46-45DB-9B77-AB82BF721CAF}.Release|Any CPU.ActiveCfg = Release|Any CPU
		{2AE89D25-FA46-45DB-9B77-AB82BF721CAF}.Release|Any CPU.Build.0 = Release|Any CPU
		{0F9180F8-2210-415A-BAD4-D0233ED31208}.Debug|Any CPU.ActiveCfg = Debug|Any CPU
		{0F9180F8-2210-415A-BAD4-D0233ED31208}.Debug|Any CPU.Build.0 = Debug|Any CPU
		{0F9180F8-2210-415A-BAD4-D0233ED31208}.Release|Any CPU.ActiveCfg = Release|Any CPU
		{0F9180F8-2210-415A-BAD4-D0233ED31208}.Release|Any CPU.Build.0 = Release|Any CPU
		{A3EEA5FD-98EA-455C-BCD5-CB3DF912C0CB}.Debug|Any CPU.ActiveCfg = Debug|Any CPU
		{A3EEA5FD-98EA-455C-BCD5-CB3DF912C0CB}.Debug|Any CPU.Build.0 = Debug|Any CPU
		{A3EEA5FD-98EA-455C-BCD5-CB3DF912C0CB}.Release|Any CPU.ActiveCfg = Release|Any CPU
		{A3EEA5FD-98EA-455C-BCD5-CB3DF912C0CB}.Release|Any CPU.Build.0 = Release|Any CPU
		{D540DD4C-8E03-4558-90B3-9791C6391DB8}.Debug|Any CPU.ActiveCfg = Debug|Any CPU
		{D540DD4C-8E03-4558-90B3-9791C6391DB8}.Debug|Any CPU.Build.0 = Debug|Any CPU
		{D540DD4C-8E03-4558-90B3-9791C6391DB8}.Release|Any CPU.ActiveCfg = Release|Any CPU
		{D540DD4C-8E03-4558-90B3-9791C6391DB8}.Release|Any CPU.Build.0 = Release|Any CPU
		{69F7B935-9B21-465D-90BA-02C1E962EF5C}.Debug|Any CPU.ActiveCfg = Debug|Any CPU
		{69F7B935-9B21-465D-90BA-02C1E962EF5C}.Debug|Any CPU.Build.0 = Debug|Any CPU
		{69F7B935-9B21-465D-90BA-02C1E962EF5C}.Release|Any CPU.ActiveCfg = Release|Any CPU
		{69F7B935-9B21-465D-90BA-02C1E962EF5C}.Release|Any CPU.Build.0 = Release|Any CPU
		{0218EA54-00AF-4AD1-9D39-31230BBAC0CC}.Debug|Any CPU.ActiveCfg = Debug|Any CPU
		{0218EA54-00AF-4AD1-9D39-31230BBAC0CC}.Debug|Any CPU.Build.0 = Debug|Any CPU
		{0218EA54-00AF-4AD1-9D39-31230BBAC0CC}.Release|Any CPU.ActiveCfg = Release|Any CPU
		{0218EA54-00AF-4AD1-9D39-31230BBAC0CC}.Release|Any CPU.Build.0 = Release|Any CPU
		{483B0CF4-3312-42E2-B9FB-BF743551D532}.Debug|Any CPU.ActiveCfg = Debug|Any CPU
		{483B0CF4-3312-42E2-B9FB-BF743551D532}.Debug|Any CPU.Build.0 = Debug|Any CPU
		{483B0CF4-3312-42E2-B9FB-BF743551D532}.Release|Any CPU.ActiveCfg = Release|Any CPU
		{483B0CF4-3312-42E2-B9FB-BF743551D532}.Release|Any CPU.Build.0 = Release|Any CPU
		{B6157BBD-A2FB-422B-84D7-DE9F3B0A6A99}.Debug|Any CPU.ActiveCfg = Debug|Any CPU
		{B6157BBD-A2FB-422B-84D7-DE9F3B0A6A99}.Debug|Any CPU.Build.0 = Debug|Any CPU
		{B6157BBD-A2FB-422B-84D7-DE9F3B0A6A99}.Release|Any CPU.ActiveCfg = Release|Any CPU
		{B6157BBD-A2FB-422B-84D7-DE9F3B0A6A99}.Release|Any CPU.Build.0 = Release|Any CPU
	EndGlobalSection
	GlobalSection(SolutionProperties) = preSolution
		HideSolutionNode = FALSE
	EndGlobalSection
	GlobalSection(NestedProjects) = preSolution
		{44F99C52-4B49-40B5-BD33-B1C98DEEE614} = {7E172B32-4C3B-4D8A-A847-D2D9FFA12F3E}
		{34DB1F44-7B58-4CA2-BA69-D0AE141CDEBF} = {7E172B32-4C3B-4D8A-A847-D2D9FFA12F3E}
		{0F9180F8-2210-415A-BAD4-D0233ED31208} = {41681D2F-CFBF-4606-A4EE-D727801EBEDC}
		{A3EEA5FD-98EA-455C-BCD5-CB3DF912C0CB} = {41681D2F-CFBF-4606-A4EE-D727801EBEDC}
		{69F7B935-9B21-465D-90BA-02C1E962EF5C} = {5E8AE69D-446E-4788-B5D0-CDDEF8749DA7}
		{0218EA54-00AF-4AD1-9D39-31230BBAC0CC} = {5E8AE69D-446E-4788-B5D0-CDDEF8749DA7}
	EndGlobalSection
	GlobalSection(ExtensibilityGlobals) = postSolution
		SolutionGuid = {B0FA5476-A21E-481B-AEF0-F0C8F77B47E6}
	EndGlobalSection
EndGlobal
