
Microsoft Visual Studio Solution File, Format Version 12.00
# Visual Studio 15
VisualStudioVersion = 15.0.28010.2016
MinimumVisualStudioVersion = 10.0.40219.1
Project("{FAE04EC0-301F-11D3-BF4B-00C04F79EFBC}") = "ProjectCoreNet", "ProjectCoreNet\ProjectCoreNet.csproj", "{B55D390A-108F-4B26-885D-0427D3531534}"
EndProject
Project("{FAE04EC0-301F-11D3-BF4B-00C04F79EFBC}") = "Pruebas.Obj", "Pruebas.Obj\Pruebas.Obj.csproj", "{C903D779-E56E-4B51-A5AF-DD54FF16EE49}"
EndProject
Project("{FAE04EC0-301F-11D3-BF4B-00C04F79EFBC}") = "Cliente", "Cliente\Cliente.csproj", "{B38C5BD7-B897-4E23-9A3C-8E6B73630CC3}"
EndProject
Global
	GlobalSection(SolutionConfigurationPlatforms) = preSolution
		Debug|Any CPU = Debug|Any CPU
		Release|Any CPU = Release|Any CPU
	EndGlobalSection
	GlobalSection(ProjectConfigurationPlatforms) = postSolution
		{B55D390A-108F-4B26-885D-0427D3531534}.Debug|Any CPU.ActiveCfg = Debug|Any CPU
		{B55D390A-108F-4B26-885D-0427D3531534}.Debug|Any CPU.Build.0 = Debug|Any CPU
		{B55D390A-108F-4B26-885D-0427D3531534}.Release|Any CPU.ActiveCfg = Release|Any CPU
		{B55D390A-108F-4B26-885D-0427D3531534}.Release|Any CPU.Build.0 = Release|Any CPU
		{C903D779-E56E-4B51-A5AF-DD54FF16EE49}.Debug|Any CPU.ActiveCfg = Debug|Any CPU
		{C903D779-E56E-4B51-A5AF-DD54FF16EE49}.Debug|Any CPU.Build.0 = Debug|Any CPU
		{C903D779-E56E-4B51-A5AF-DD54FF16EE49}.Release|Any CPU.ActiveCfg = Release|Any CPU
		{C903D779-E56E-4B51-A5AF-DD54FF16EE49}.Release|Any CPU.Build.0 = Release|Any CPU
		{B38C5BD7-B897-4E23-9A3C-8E6B73630CC3}.Debug|Any CPU.ActiveCfg = Debug|Any CPU
		{B38C5BD7-B897-4E23-9A3C-8E6B73630CC3}.Debug|Any CPU.Build.0 = Debug|Any CPU
		{B38C5BD7-B897-4E23-9A3C-8E6B73630CC3}.Release|Any CPU.ActiveCfg = Release|Any CPU
		{B38C5BD7-B897-4E23-9A3C-8E6B73630CC3}.Release|Any CPU.Build.0 = Release|Any CPU
	EndGlobalSection
	GlobalSection(SolutionProperties) = preSolution
		HideSolutionNode = FALSE
	EndGlobalSection
	GlobalSection(ExtensibilityGlobals) = postSolution
		SolutionGuid = {C74F579F-0836-487D-8C57-A0D5A8D3EC3B}
	EndGlobalSection
EndGlobal
