
Microsoft Visual Studio Solution File, Format Version 12.00
# Visual Studio 15
VisualStudioVersion = 15.0.28010.2036
MinimumVisualStudioVersion = 10.0.40219.1
Project("{FAE04EC0-301F-11D3-BF4B-00C04F79EFBC}") = "BookService", "BookService\BookService.csproj", "{A14D8AC9-FED8-4964-A24A-E2EB0F4A967F}"
EndProject
Global
	GlobalSection(SolutionConfigurationPlatforms) = preSolution
		Debug|Any CPU = Debug|Any CPU
		Release|Any CPU = Release|Any CPU
	EndGlobalSection
	GlobalSection(ProjectConfigurationPlatforms) = postSolution
		{A14D8AC9-FED8-4964-A24A-E2EB0F4A967F}.Debug|Any CPU.ActiveCfg = Debug|Any CPU
		{A14D8AC9-FED8-4964-A24A-E2EB0F4A967F}.Debug|Any CPU.Build.0 = Debug|Any CPU
		{A14D8AC9-FED8-4964-A24A-E2EB0F4A967F}.Release|Any CPU.ActiveCfg = Release|Any CPU
		{A14D8AC9-FED8-4964-A24A-E2EB0F4A967F}.Release|Any CPU.Build.0 = Release|Any CPU
	EndGlobalSection
	GlobalSection(SolutionProperties) = preSolution
		HideSolutionNode = FALSE
	EndGlobalSection
	GlobalSection(ExtensibilityGlobals) = postSolution
		SolutionGuid = {B93AC8B8-9EAD-4678-BAAA-3CC37E74FE37}
	EndGlobalSection
EndGlobal
