
Microsoft Visual Studio Solution File, Format Version 12.00
# Visual Studio 15
VisualStudioVersion = 15.0.28010.2046
MinimumVisualStudioVersion = 10.0.40219.1
Project("{FAE04EC0-301F-11D3-BF4B-00C04F79EFBC}") = "WebApi", "WebApi\WebApi.csproj", "{34DB1F44-7B58-4CA2-BA69-D0AE141CDEBF}"
EndProject
Project("{FAE04EC0-301F-11D3-BF4B-00C04F79EFBC}") = "AspNet_Mvc", "AspNet_Mvc\AspNet_Mvc.csproj", "{44F99C52-4B49-40B5-BD33-B1C98DEEE614}"
EndProject
Global
	GlobalSection(SolutionConfigurationPlatforms) = preSolution
		Debug|Any CPU = Debug|Any CPU
		Release|Any CPU = Release|Any CPU
	EndGlobalSection
	GlobalSection(ProjectConfigurationPlatforms) = postSolution
		{34DB1F44-7B58-4CA2-BA69-D0AE141CDEBF}.Debug|Any CPU.ActiveCfg = Debug|Any CPU
		{34DB1F44-7B58-4CA2-BA69-D0AE141CDEBF}.Debug|Any CPU.Build.0 = Debug|Any CPU
		{34DB1F44-7B58-4CA2-BA69-D0AE141CDEBF}.Release|Any CPU.ActiveCfg = Release|Any CPU
		{34DB1F44-7B58-4CA2-BA69-D0AE141CDEBF}.Release|Any CPU.Build.0 = Release|Any CPU
		{44F99C52-4B49-40B5-BD33-B1C98DEEE614}.Debug|Any CPU.ActiveCfg = Debug|Any CPU
		{44F99C52-4B49-40B5-BD33-B1C98DEEE614}.Debug|Any CPU.Build.0 = Debug|Any CPU
		{44F99C52-4B49-40B5-BD33-B1C98DEEE614}.Release|Any CPU.ActiveCfg = Release|Any CPU
		{44F99C52-4B49-40B5-BD33-B1C98DEEE614}.Release|Any CPU.Build.0 = Release|Any CPU
	EndGlobalSection
	GlobalSection(SolutionProperties) = preSolution
		HideSolutionNode = FALSE
	EndGlobalSection
	GlobalSection(ExtensibilityGlobals) = postSolution
		SolutionGuid = {C0D05D81-6D2B-4E63-9FB4-815700CC4E30}
	EndGlobalSection
EndGlobal
