
Microsoft Visual Studio Solution File, Format Version 12.00
# Visual Studio 15
VisualStudioVersion = 15.0.28010.2046
MinimumVisualStudioVersion = 10.0.40219.1
Project("{FAE04EC0-301F-11D3-BF4B-00C04F79EFBC}") = "CoreCRUDTemplate", "CoreCRUDTemplate\CoreCRUDTemplate.csproj", "{77C06B92-E443-4367-A94D-24D365222176}"
EndProject
Global
	GlobalSection(SolutionConfigurationPlatforms) = preSolution
		Debug|Any CPU = Debug|Any CPU
		Release|Any CPU = Release|Any CPU
	EndGlobalSection
	GlobalSection(ProjectConfigurationPlatforms) = postSolution
		{77C06B92-E443-4367-A94D-24D365222176}.Debug|Any CPU.ActiveCfg = Debug|Any CPU
		{77C06B92-E443-4367-A94D-24D365222176}.Debug|Any CPU.Build.0 = Debug|Any CPU
		{77C06B92-E443-4367-A94D-24D365222176}.Release|Any CPU.ActiveCfg = Release|Any CPU
		{77C06B92-E443-4367-A94D-24D365222176}.Release|Any CPU.Build.0 = Release|Any CPU
	EndGlobalSection
	GlobalSection(SolutionProperties) = preSolution
		HideSolutionNode = FALSE
	EndGlobalSection
	GlobalSection(ExtensibilityGlobals) = postSolution
		SolutionGuid = {75B9899C-D094-41A4-B503-0DFC58C5A7DF}
	EndGlobalSection
EndGlobal
